
Microsoft Visual Studio Solution File, Format Version 12.00
# Visual Studio Version 17
VisualStudioVersion = 17.6.33829.357
MinimumVisualStudioVersion = 10.0.40219.1
Project("{9A19103F-16F7-4668-BE54-9A1E7A4F7556}") = "TechChallengeBlogWebApp", "TechChallengeBlogWebApp\TechChallengeBlogWebApp.csproj", "{402E79D4-9146-4FB1-A472-B0373EC46551}"
EndProject
Project("{2150E333-8FDC-42A3-9474-1A3956D46DE8}") = "1 - Presentation", "1 - Presentation", "{7FD763F7-492A-45C6-87A6-AA6BDD5E05BE}"
EndProject
Project("{9A19103F-16F7-4668-BE54-9A1E7A4F7556}") = "TechChallengeBlogWebApi", "TechChallengeBlogWebApi\TechChallengeBlogWebApi.csproj", "{6280447A-E92E-46A4-A191-9342F64EB497}"
EndProject
Project("{2150E333-8FDC-42A3-9474-1A3956D46DE8}") = "2 - Application", "2 - Application", "{E42D182C-2312-46AA-8BB9-9F6C60626B92}"
EndProject
Project("{2150E333-8FDC-42A3-9474-1A3956D46DE8}") = "4 - Infra", "4 - Infra", "{46A5FC56-47FC-4D5A-9E73-5BE06990E8CD}"
EndProject
Project("{2150E333-8FDC-42A3-9474-1A3956D46DE8}") = "3 - Domain", "3 - Domain", "{657D2281-64CE-44D6-9FFF-737E38D144EA}"
EndProject
Project("{9A19103F-16F7-4668-BE54-9A1E7A4F7556}") = "App.Blog.Domain", "App.Blog.Domain\App.Blog.Domain.csproj", "{1455F7A4-CF8F-4103-94ED-7DD5388707AE}"
EndProject
Project("{9A19103F-16F7-4668-BE54-9A1E7A4F7556}") = "App.Blog.Infra", "App.Blog.Infra\App.Blog.Infra.csproj", "{E4B6F0E7-39FA-4A59-A117-CBB0019DCF9A}"
EndProject
Project("{9A19103F-16F7-4668-BE54-9A1E7A4F7556}") = "App.Blog.Application", "App.Blog.Application\App.Blog.Application.csproj", "{40D31460-E7F5-4C60-BD1D-9B06E262590B}"
EndProject
Project("{2150E333-8FDC-42A3-9474-1A3956D46DE8}") = "5 - Tests", "5 - Tests", "{3A8D23C0-7642-45CB-BD73-87F2F46349F5}"
EndProject
Project("{FAE04EC0-301F-11D3-BF4B-00C04F79EFBC}") = "IntegrationTests", "IntegrationTests\IntegrationTests.csproj", "{3A40E534-9BBC-4F1A-9741-2D7795E49F38}"
EndProject
Project("{FAE04EC0-301F-11D3-BF4B-00C04F79EFBC}") = "UnitTests", "UnitTests\UnitTests.csproj", "{4E21A34A-2826-4C66-AB17-FA6AA5F700DC}"
EndProject
Global
	GlobalSection(SolutionConfigurationPlatforms) = preSolution
		Debug|Any CPU = Debug|Any CPU
		Release|Any CPU = Release|Any CPU
	EndGlobalSection
	GlobalSection(ProjectConfigurationPlatforms) = postSolution
		{402E79D4-9146-4FB1-A472-B0373EC46551}.Debug|Any CPU.ActiveCfg = Debug|Any CPU
		{402E79D4-9146-4FB1-A472-B0373EC46551}.Debug|Any CPU.Build.0 = Debug|Any CPU
		{402E79D4-9146-4FB1-A472-B0373EC46551}.Release|Any CPU.ActiveCfg = Release|Any CPU
		{402E79D4-9146-4FB1-A472-B0373EC46551}.Release|Any CPU.Build.0 = Release|Any CPU
		{6280447A-E92E-46A4-A191-9342F64EB497}.Debug|Any CPU.ActiveCfg = Debug|Any CPU
		{6280447A-E92E-46A4-A191-9342F64EB497}.Debug|Any CPU.Build.0 = Debug|Any CPU
		{6280447A-E92E-46A4-A191-9342F64EB497}.Release|Any CPU.ActiveCfg = Release|Any CPU
		{6280447A-E92E-46A4-A191-9342F64EB497}.Release|Any CPU.Build.0 = Release|Any CPU
		{1455F7A4-CF8F-4103-94ED-7DD5388707AE}.Debug|Any CPU.ActiveCfg = Debug|Any CPU
		{1455F7A4-CF8F-4103-94ED-7DD5388707AE}.Debug|Any CPU.Build.0 = Debug|Any CPU
		{1455F7A4-CF8F-4103-94ED-7DD5388707AE}.Release|Any CPU.ActiveCfg = Release|Any CPU
		{1455F7A4-CF8F-4103-94ED-7DD5388707AE}.Release|Any CPU.Build.0 = Release|Any CPU
		{E4B6F0E7-39FA-4A59-A117-CBB0019DCF9A}.Debug|Any CPU.ActiveCfg = Debug|Any CPU
		{E4B6F0E7-39FA-4A59-A117-CBB0019DCF9A}.Debug|Any CPU.Build.0 = Debug|Any CPU
		{E4B6F0E7-39FA-4A59-A117-CBB0019DCF9A}.Release|Any CPU.ActiveCfg = Release|Any CPU
		{E4B6F0E7-39FA-4A59-A117-CBB0019DCF9A}.Release|Any CPU.Build.0 = Release|Any CPU
		{40D31460-E7F5-4C60-BD1D-9B06E262590B}.Debug|Any CPU.ActiveCfg = Debug|Any CPU
		{40D31460-E7F5-4C60-BD1D-9B06E262590B}.Debug|Any CPU.Build.0 = Debug|Any CPU
		{40D31460-E7F5-4C60-BD1D-9B06E262590B}.Release|Any CPU.ActiveCfg = Release|Any CPU
		{40D31460-E7F5-4C60-BD1D-9B06E262590B}.Release|Any CPU.Build.0 = Release|Any CPU
		{3A40E534-9BBC-4F1A-9741-2D7795E49F38}.Debug|Any CPU.ActiveCfg = Debug|Any CPU
		{3A40E534-9BBC-4F1A-9741-2D7795E49F38}.Debug|Any CPU.Build.0 = Debug|Any CPU
		{3A40E534-9BBC-4F1A-9741-2D7795E49F38}.Release|Any CPU.ActiveCfg = Release|Any CPU
		{3A40E534-9BBC-4F1A-9741-2D7795E49F38}.Release|Any CPU.Build.0 = Release|Any CPU
		{4E21A34A-2826-4C66-AB17-FA6AA5F700DC}.Debug|Any CPU.ActiveCfg = Debug|Any CPU
		{4E21A34A-2826-4C66-AB17-FA6AA5F700DC}.Debug|Any CPU.Build.0 = Debug|Any CPU
		{4E21A34A-2826-4C66-AB17-FA6AA5F700DC}.Release|Any CPU.ActiveCfg = Release|Any CPU
		{4E21A34A-2826-4C66-AB17-FA6AA5F700DC}.Release|Any CPU.Build.0 = Release|Any CPU
	EndGlobalSection
	GlobalSection(SolutionProperties) = preSolution
		HideSolutionNode = FALSE
	EndGlobalSection
	GlobalSection(NestedProjects) = preSolution
		{402E79D4-9146-4FB1-A472-B0373EC46551} = {7FD763F7-492A-45C6-87A6-AA6BDD5E05BE}
		{6280447A-E92E-46A4-A191-9342F64EB497} = {7FD763F7-492A-45C6-87A6-AA6BDD5E05BE}
		{1455F7A4-CF8F-4103-94ED-7DD5388707AE} = {657D2281-64CE-44D6-9FFF-737E38D144EA}
		{E4B6F0E7-39FA-4A59-A117-CBB0019DCF9A} = {46A5FC56-47FC-4D5A-9E73-5BE06990E8CD}
		{40D31460-E7F5-4C60-BD1D-9B06E262590B} = {E42D182C-2312-46AA-8BB9-9F6C60626B92}
		{3A40E534-9BBC-4F1A-9741-2D7795E49F38} = {3A8D23C0-7642-45CB-BD73-87F2F46349F5}
		{4E21A34A-2826-4C66-AB17-FA6AA5F700DC} = {3A8D23C0-7642-45CB-BD73-87F2F46349F5}
	EndGlobalSection
	GlobalSection(ExtensibilityGlobals) = postSolution
		SolutionGuid = {3EEC4999-0099-41A5-B1F0-0EEC4B3F82CF}
	EndGlobalSection
EndGlobal
